<?xml version="1.0" encoding="utf-8"?>
<Project ToolsVersion="4.0" xmlns="http://schemas.microsoft.com/developer/msbuild/2003">
  <ItemGroup>
    <Filter Include="Source Files">
      <UniqueIdentifier>{4FC737F1-C7A5-4376-A066-2A32D752A2FF}</UniqueIdentifier>
      <Extensions>cpp;c;cc;cxx;c++;cppm;ixx;def;odl;idl;hpj;bat;asm;asmx</Extensions>
    </Filter>
    <Filter Include="Header Files">
      <UniqueIdentifier>{93995380-89BD-4b04-88EB-625FBE52EBFB}</UniqueIdentifier>
      <Extensions>h;hh;hpp;hxx;h++;hm;inl;inc;ipp;xsd</Extensions>
    </Filter>
    <Filter Include="Public Header Files">
      <UniqueIdentifier>{11877017-570c-4193-be22-c5b60fd0612b}</UniqueIdentifier>
    </Filter>
    <Filter Include="Link Libraries">
      <UniqueIdentifier>{66d2fa2b-9547-446e-bdc7-80c42541e489}</UniqueIdentifier>
    </Filter>
    <Filter Include="Public Header Files\client">
      <UniqueIdentifier>{94231a40-8b62-4b66-af38-49664f3ceab4}</UniqueIdentifier>
    </Filter>
    <Filter Include="Public Header Files\rendersystem">
      <UniqueIdentifier>{da6371c5-3bb0-4890-9e7c-1856387b96b0}</UniqueIdentifier>
    </Filter>
  </ItemGroup>
  <ItemGroup>
    <ClInclude Include="cbase.h">
      <Filter>Header Files</Filter>
    </ClInclude>
    <ClInclude Include="..\..\public\tier0\annotations.h">
      <Filter>Public Header Files</Filter>
    </ClInclude>
    <ClInclude Include="..\..\public\tier0\interface.h">
      <Filter>Public Header Files</Filter>
    </ClInclude>
    <ClInclude Include="..\..\public\tier0\platform.h">
      <Filter>Public Header Files</Filter>
    </ClInclude>
    <ClInclude Include="..\..\public\interfaces\interfaces.h">
      <Filter>Public Header Files</Filter>
    </ClInclude>
    <ClInclude Include="prediction2.h">
      <Filter>Header Files</Filter>
    </ClInclude>
    <ClInclude Include="source2_client.h">
      <Filter>Header Files</Filter>
    </ClInclude>
    <ClInclude Include="..\..\public\appframework\iappframework.h">
      <Filter>Header Files</Filter>
    </ClInclude>
    <ClInclude Include="..\..\public\tier0\logging.h">
      <Filter>Header Files</Filter>
    </ClInclude>
    <ClInclude Include="..\..\public\tier0\types.h">
      <Filter>Public Header Files</Filter>
    </ClInclude>
    <ClInclude Include="..\..\public\tier0\mem.h">
      <Filter>Public Header Files</Filter>
    </ClInclude>
    <ClInclude Include="..\..\public\tier0\memalloc.h">
      <Filter>Public Header Files</Filter>
    </ClInclude>
    <ClInclude Include="..\..\public\tier0\memdbgoff.h">
      <Filter>Public Header Files</Filter>
    </ClInclude>
    <ClInclude Include="..\..\public\tier0\memdbgon.h">
      <Filter>Public Header Files</Filter>
    </ClInclude>
    <ClInclude Include="..\..\public\game\client\isource2_client.h">
      <Filter>Public Header Files\client</Filter>
    </ClInclude>
    <ClInclude Include="..\..\public\game\client\isource2_clientconfig.h">
      <Filter>Public Header Files\client</Filter>
    </ClInclude>
    <ClInclude Include="..\..\public\game\client\isource2_clientprediction.h">
      <Filter>Public Header Files\client</Filter>
    </ClInclude>
    <ClInclude Include="..\..\public\game\client\source2_clientconfig.h">
      <Filter>Header Files</Filter>
    </ClInclude>
    <ClInclude Include="..\..\public\rendersystem\irenderdevice.h">
      <Filter>Public Header Files\rendersystem</Filter>
    </ClInclude>
    <ClInclude Include="..\..\public\rendersystem\irendercontext.h">
      <Filter>Public Header Files\rendersystem</Filter>
    </ClInclude>
  </ItemGroup>
  <ItemGroup>
    <ClCompile Include="cbase.cpp">
      <Filter>Source Files</Filter>
    </ClCompile>
    <ClCompile Include="source2_client.cpp">
      <Filter>Source Files</Filter>
    </ClCompile>
    <ClCompile Include="prediction2.cpp">
      <Filter>Source Files</Filter>
    </ClCompile>
    <ClCompile Include="..\..\public\tier0\memoverride.cpp">
      <Filter>Source Files</Filter>
    </ClCompile>
  </ItemGroup>
  <ItemGroup>
    <Library Include="..\..\lib\public\tier0.lib">
      <Filter>Link Libraries</Filter>
    </Library>
    <Library Include="..\..\lib\public\vstdlib.lib">
      <Filter>Link Libraries</Filter>
    </Library>
    <Library Include="..\..\lib\public\interfaces.lib">
      <Filter>Link Libraries</Filter>
    </Library>
  </ItemGroup>
</Project>